// !$*UTF8*$!
{
	archiveVersion = 1;
	classes = {
	};
	objectVersion = 50;
	objects = {

/* Begin PBXBuildFile section */
		BBD37F0025056634008928EE /* AppDelegate.swift in Sources */ = {isa = PBXBuildFile; fileRef = BBD37EFF25056634008928EE /* AppDelegate.swift */; };
		BBD37F0225056634008928EE /* SceneDelegate.swift in Sources */ = {isa = PBXBuildFile; fileRef = BBD37F0125056634008928EE /* SceneDelegate.swift */; };
		BBD37F0425056634008928EE /* ViewController.swift in Sources */ = {isa = PBXBuildFile; fileRef = BBD37F0325056634008928EE /* ViewController.swift */; };
		BBD37F0725056634008928EE /* Main.storyboard in Resources */ = {isa = PBXBuildFile; fileRef = BBD37F0525056634008928EE /* Main.storyboard */; };
		BBD37F0925056635008928EE /* Assets.xcassets in Resources */ = {isa = PBXBuildFile; fileRef = BBD37F0825056635008928EE /* Assets.xcassets */; };
		BBD37F0C25056635008928EE /* LaunchScreen.storyboard in Resources */ = {isa = PBXBuildFile; fileRef = BBD37F0A25056635008928EE /* LaunchScreen.storyboard */; };
		BBD37F1725056635008928EE /* TestProjTests.swift in Sources */ = {isa = PBXBuildFile; fileRef = BBD37F1625056635008928EE /* TestProjTests.swift */; };
		BBD37F2225056635008928EE /* TestProjUITests.swift in Sources */ = {isa = PBXBuildFile; fileRef = BBD37F2125056635008928EE /* TestProjUITests.swift */; };
/* End PBXBuildFile section */

/* Begin PBXContainerItemProxy section */
		BBD37F1325056635008928EE /* PBXContainerItemProxy */ = {
			isa = PBXContainerItemProxy;
			containerPortal = BBD37EF425056634008928EE /* Project object */;
			proxyType = 1;
			remoteGlobalIDString = BBD37EFB25056634008928EE;
			remoteInfo = TestProj;
		};
		BBD37F1E25056635008928EE /* PBXContainerItemProxy */ = {
			isa = PBXContainerItemProxy;
			containerPortal = BBD37EF425056634008928EE /* Project object */;
			proxyType = 1;
			remoteGlobalIDString = BBD37EFB25056634008928EE;
			remoteInfo = TestProj;
		};
/* End PBXContainerItemProxy section */

/* Begin PBXFileReference section */
		BBD37EFC25056634008928EE /* TestProj.app */ = {isa = PBXFileReference; explicitFileType = wrapper.application; includeInIndex = 0; path = TestProj.app; sourceTree = BUILT_PRODUCTS_DIR; };
		BBD37EFF25056634008928EE /* AppDelegate.swift */ = {isa = PBXFileReference; lastKnownFileType = sourcecode.swift; path = AppDelegate.swift; sourceTree = "<group>"; };
		BBD37F0125056634008928EE /* SceneDelegate.swift */ = {isa = PBXFileReference; lastKnownFileType = sourcecode.swift; path = SceneDelegate.swift; sourceTree = "<group>"; };
		BBD37F0325056634008928EE /* ViewController.swift */ = {isa = PBXFileReference; lastKnownFileType = sourcecode.swift; path = ViewController.swift; sourceTree = "<group>"; };
		BBD37F0625056634008928EE /* Base */ = {isa = PBXFileReference; lastKnownFileType = file.storyboard; name = Base; path = Base.lproj/Main.storyboard; sourceTree = "<group>"; };
		BBD37F0825056635008928EE /* Assets.xcassets */ = {isa = PBXFileReference; lastKnownFileType = folder.assetcatalog; path = Assets.xcassets; sourceTree = "<group>"; };
		BBD37F0B25056635008928EE /* Base */ = {isa = PBXFileReference; lastKnownFileType = file.storyboard; name = Base; path = Base.lproj/LaunchScreen.storyboard; sourceTree = "<group>"; };
		BBD37F0D25056635008928EE /* Info.plist */ = {isa = PBXFileReference; lastKnownFileType = text.plist.xml; path = Info.plist; sourceTree = "<group>"; };
		BBD37F1225056635008928EE /* TestProjTests.xctest */ = {isa = PBXFileReference; explicitFileType = wrapper.cfbundle; includeInIndex = 0; path = TestProjTests.xctest; sourceTree = BUILT_PRODUCTS_DIR; };
		BBD37F1625056635008928EE /* TestProjTests.swift */ = {isa = PBXFileReference; lastKnownFileType = sourcecode.swift; path = TestProjTests.swift; sourceTree = "<group>"; };
		BBD37F1825056635008928EE /* Info.plist */ = {isa = PBXFileReference; lastKnownFileType = text.plist.xml; path = Info.plist; sourceTree = "<group>"; };
		BBD37F1D25056635008928EE /* TestProjUITests.xctest */ = {isa = PBXFileReference; explicitFileType = wrapper.cfbundle; includeInIndex = 0; path = TestProjUITests.xctest; sourceTree = BUILT_PRODUCTS_DIR; };
		BBD37F2125056635008928EE /* TestProjUITests.swift */ = {isa = PBXFileReference; lastKnownFileType = sourcecode.swift; path = TestProjUITests.swift; sourceTree = "<group>"; };
		BBD37F2325056635008928EE /* Info.plist */ = {isa = PBXFileReference; lastKnownFileType = text.plist.xml; path = Info.plist; sourceTree = "<group>"; };
/* End PBXFileReference section */

/* Begin PBXFrameworksBuildPhase section */
		BBD37EF925056634008928EE /* Frameworks */ = {
			isa = PBXFrameworksBuildPhase;
			buildActionMask = 2147483647;
			files = (
			);
			runOnlyForDeploymentPostprocessing = 0;
		};
		BBD37F0F25056635008928EE /* Frameworks */ = {
			isa = PBXFrameworksBuildPhase;
			buildActionMask = 2147483647;
			files = (
			);
			runOnlyForDeploymentPostprocessing = 0;
		};
		BBD37F1A25056635008928EE /* Frameworks */ = {
			isa = PBXFrameworksBuildPhase;
			buildActionMask = 2147483647;
			files = (
			);
			runOnlyForDeploymentPostprocessing = 0;
		};
/* End PBXFrameworksBuildPhase section */

/* Begin PBXGroup section */
		BBD37EF325056634008928EE = {
			isa = PBXGroup;
			children = (
				BBD37EFE25056634008928EE /* TestProj */,
				BBD37F1525056635008928EE /* TestProjTests */,
				BBD37F2025056635008928EE /* TestProjUITests */,
				BBD37EFD25056634008928EE /* Products */,
			);
			sourceTree = "<group>";
		};
		BBD37EFD25056634008928EE /* Products */ = {
			isa = PBXGroup;
			children = (
				BBD37EFC25056634008928EE /* TestProj.app */,
				BBD37F1225056635008928EE /* TestProjTests.xctest */,
				BBD37F1D25056635008928EE /* TestProjUITests.xctest */,
			);
			name = Products;
			sourceTree = "<group>";
		};
		BBD37EFE25056634008928EE /* TestProj */ = {
			isa = PBXGroup;
			children = (
				BBD37EFF25056634008928EE /* AppDelegate.swift */,
				BBD37F0125056634008928EE /* SceneDelegate.swift */,
				BBD37F0325056634008928EE /* ViewController.swift */,
				BBD37F0525056634008928EE /* Main.storyboard */,
				BBD37F0825056635008928EE /* Assets.xcassets */,
				BBD37F0A25056635008928EE /* LaunchScreen.storyboard */,
				BBD37F0D25056635008928EE /* Info.plist */,
			);
			path = TestProj;
			sourceTree = "<group>";
		};
		BBD37F1525056635008928EE /* TestProjTests */ = {
			isa = PBXGroup;
			children = (
				BBD37F1625056635008928EE /* TestProjTests.swift */,
				BBD37F1825056635008928EE /* Info.plist */,
			);
			path = TestProjTests;
			sourceTree = "<group>";
		};
		BBD37F2025056635008928EE /* TestProjUITests */ = {
			isa = PBXGroup;
			children = (
				BBD37F2125056635008928EE /* TestProjUITests.swift */,
				BBD37F2325056635008928EE /* Info.plist */,
			);
			path = TestProjUITests;
			sourceTree = "<group>";
		};
/* End PBXGroup section */

/* Begin PBXNativeTarget section */
		BBD37EFB25056634008928EE /* TestProj */ = {
			isa = PBXNativeTarget;
			buildConfigurationList = BBD37F2625056635008928EE /* Build configuration list for PBXNativeTarget "TestProj" */;
			buildPhases = (
				BBD37EF825056634008928EE /* Sources */,
				BBD37EF925056634008928EE /* Frameworks */,
				BBD37EFA25056634008928EE /* Resources */,
			);
			buildRules = (
			);
			dependencies = (
			);
			name = TestProj;
			productName = TestProj;
			productReference = BBD37EFC25056634008928EE /* TestProj.app */;
			productType = "com.apple.product-type.application";
		};
		BBD37F1125056635008928EE /* TestProjTests */ = {
			isa = PBXNativeTarget;
			buildConfigurationList = BBD37F2925056635008928EE /* Build configuration list for PBXNativeTarget "TestProjTests" */;
			buildPhases = (
				BBD37F0E25056635008928EE /* Sources */,
				BBD37F0F25056635008928EE /* Frameworks */,
				BBD37F1025056635008928EE /* Resources */,
			);
			buildRules = (
			);
			dependencies = (
				BBD37F1425056635008928EE /* PBXTargetDependency */,
			);
			name = TestProjTests;
			productName = TestProjTests;
			productReference = BBD37F1225056635008928EE /* TestProjTests.xctest */;
			productType = "com.apple.product-type.bundle.unit-test";
		};
		BBD37F1C25056635008928EE /* TestProjUITests */ = {
			isa = PBXNativeTarget;
			buildConfigurationList = BBD37F2C25056635008928EE /* Build configuration list for PBXNativeTarget "TestProjUITests" */;
			buildPhases = (
				BBD37F1925056635008928EE /* Sources */,
				BBD37F1A25056635008928EE /* Frameworks */,
				BBD37F1B25056635008928EE /* Resources */,
			);
			buildRules = (
			);
			dependencies = (
				BBD37F1F25056635008928EE /* PBXTargetDependency */,
			);
			name = TestProjUITests;
			productName = TestProjUITests;
			productReference = BBD37F1D25056635008928EE /* TestProjUITests.xctest */;
			productType = "com.apple.product-type.bundle.ui-testing";
		};
/* End PBXNativeTarget section */

/* Begin PBXProject section */
		BBD37EF425056634008928EE /* Project object */ = {
			isa = PBXProject;
			attributes = {
				LastSwiftUpdateCheck = 1150;
				LastUpgradeCheck = 1150;
				ORGANIZATIONNAME = Mughees;
				TargetAttributes = {
					BBD37EFB25056634008928EE = {
						CreatedOnToolsVersion = 11.5;
					};
					BBD37F1125056635008928EE = {
						CreatedOnToolsVersion = 11.5;
						TestTargetID = BBD37EFB25056634008928EE;
					};
					BBD37F1C25056635008928EE = {
						CreatedOnToolsVersion = 11.5;
						TestTargetID = BBD37EFB25056634008928EE;
					};
				};
			};
			buildConfigurationList = BBD37EF725056634008928EE /* Build configuration list for PBXProject "TestProj" */;
			compatibilityVersion = "Xcode 9.3";
			developmentRegion = en;
			hasScannedForEncodings = 0;
			knownRegions = (
				en,
				Base,
			);
			mainGroup = BBD37EF325056634008928EE;
			productRefGroup = BBD37EFD25056634008928EE /* Products */;
			projectDirPath = "";
			projectRoot = "";
			targets = (
				BBD37EFB25056634008928EE /* TestProj */,
				BBD37F1125056635008928EE /* TestProjTests */,
				BBD37F1C25056635008928EE /* TestProjUITests */,
			);
		};
/* End PBXProject section */

/* Begin PBXResourcesBuildPhase section */
		BBD37EFA25056634008928EE /* Resources */ = {
			isa = PBXResourcesBuildPhase;
			buildActionMask = 2147483647;
			files = (
				BBD37F0C25056635008928EE /* LaunchScreen.storyboard in Resources */,
				BBD37F0925056635008928EE /* Assets.xcassets in Resources */,
				BBD37F0725056634008928EE /* Main.storyboard in Resources */,
			);
			runOnlyForDeploymentPostprocessing = 0;
		};
		BBD37F1025056635008928EE /* Resources */ = {
			isa = PBXResourcesBuildPhase;
			buildActionMask = 2147483647;
			files = (
			);
			runOnlyForDeploymentPostprocessing = 0;
		};
		BBD37F1B25056635008928EE /* Resources */ = {
			isa = PBXResourcesBuildPhase;
			buildActionMask = 2147483647;
			files = (
			);
			runOnlyForDeploymentPostprocessing = 0;
		};
/* End PBXResourcesBuildPhase section */

/* Begin PBXSourcesBuildPhase section */
		BBD37EF825056634008928EE /* Sources */ = {
			isa = PBXSourcesBuildPhase;
			buildActionMask = 2147483647;
			files = (
				BBD37F0425056634008928EE /* ViewController.swift in Sources */,
				BBD37F0025056634008928EE /* AppDelegate.swift in Sources */,
				BBD37F0225056634008928EE /* SceneDelegate.swift in Sources */,
			);
			runOnlyForDeploymentPostprocessing = 0;
		};
		BBD37F0E25056635008928EE /* Sources */ = {
			isa = PBXSourcesBuildPhase;
			buildActionMask = 2147483647;
			files = (
				BBD37F1725056635008928EE /* TestProjTests.swift in Sources */,
			);
			runOnlyForDeploymentPostprocessing = 0;
		};
		BBD37F1925056635008928EE /* Sources */ = {
			isa = PBXSourcesBuildPhase;
			buildActionMask = 2147483647;
			files = (
				BBD37F2225056635008928EE /* TestProjUITests.swift in Sources */,
			);
			runOnlyForDeploymentPostprocessing = 0;
		};
/* End PBXSourcesBuildPhase section */

/* Begin PBXTargetDependency section */
		BBD37F1425056635008928EE /* PBXTargetDependency */ = {
			isa = PBXTargetDependency;
			target = BBD37EFB25056634008928EE /* TestProj */;
			targetProxy = BBD37F1325056635008928EE /* PBXContainerItemProxy */;
		};
		BBD37F1F25056635008928EE /* PBXTargetDependency */ = {
			isa = PBXTargetDependency;
			target = BBD37EFB25056634008928EE /* TestProj */;
			targetProxy = BBD37F1E25056635008928EE /* PBXContainerItemProxy */;
		};
/* End PBXTargetDependency section */

/* Begin PBXVariantGroup section */
		BBD37F0525056634008928EE /* Main.storyboard */ = {
			isa = PBXVariantGroup;
			children = (
				BBD37F0625056634008928EE /* Base */,
			);
			name = Main.storyboard;
			sourceTree = "<group>";
		};
		BBD37F0A25056635008928EE /* LaunchScreen.storyboard */ = {
			isa = PBXVariantGroup;
			children = (
				BBD37F0B25056635008928EE /* Base */,
			);
			name = LaunchScreen.storyboard;
			sourceTree = "<group>";
		};
/* End PBXVariantGroup section */

/* Begin XCBuildConfiguration section */
		BBD37F2425056635008928EE /* Debug */ = {
			isa = XCBuildConfiguration;
			buildSettings = {
				ALWAYS_SEARCH_USER_PATHS = NO;
				CLANG_ANALYZER_NONNULL = YES;
				CLANG_ANALYZER_NUMBER_OBJECT_CONVERSION = YES_AGGRESSIVE;
				CLANG_CXX_LANGUAGE_STANDARD = "gnu++14";
				CLANG_CXX_LIBRARY = "libc++";
				CLANG_ENABLE_MODULES = YES;
				CLANG_ENABLE_OBJC_ARC = YES;
				CLANG_ENABLE_OBJC_WEAK = YES;
				CLANG_WARN_BLOCK_CAPTURE_AUTORELEASING = YES;
				CLANG_WARN_BOOL_CONVERSION = YES;
				CLANG_WARN_COMMA = YES;
				CLANG_WARN_CONSTANT_CONVERSION = YES;
				CLANG_WARN_DEPRECATED_OBJC_IMPLEMENTATIONS = YES;
				CLANG_WARN_DIRECT_OBJC_ISA_USAGE = YES_ERROR;
				CLANG_WARN_DOCUMENTATION_COMMENTS = YES;
				CLANG_WARN_EMPTY_BODY = YES;
				CLANG_WARN_ENUM_CONVERSION = YES;
				CLANG_WARN_INFINITE_RECURSION = YES;
				CLANG_WARN_INT_CONVERSION = YES;
				CLANG_WARN_NON_LITERAL_NULL_CONVERSION = YES;
				CLANG_WARN_OBJC_IMPLICIT_RETAIN_SELF = YES;
				CLANG_WARN_OBJC_LITERAL_CONVERSION = YES;
				CLANG_WARN_OBJC_ROOT_CLASS = YES_ERROR;
				CLANG_WARN_RANGE_LOOP_ANALYSIS = YES;
				CLANG_WARN_STRICT_PROTOTYPES = YES;
				CLANG_WARN_SUSPICIOUS_MOVE = YES;
				CLANG_WARN_UNGUARDED_AVAILABILITY = YES_AGGRESSIVE;
				CLANG_WARN_UNREACHABLE_CODE = YES;
				CLANG_WARN__DUPLICATE_METHOD_MATCH = YES;
				COPY_PHASE_STRIP = NO;
				DEBUG_INFORMATION_FORMAT = dwarf;
				ENABLE_STRICT_OBJC_MSGSEND = YES;
				ENABLE_TESTABILITY = YES;
				GCC_C_LANGUAGE_STANDARD = gnu11;
				GCC_DYNAMIC_NO_PIC = NO;
				GCC_NO_COMMON_BLOCKS = YES;
				GCC_OPTIMIZATION_LEVEL = 0;
				GCC_PREPROCESSOR_DEFINITIONS = (
					"DEBUG=1",
					"$(inherited)",
				);
				GCC_WARN_64_TO_32_BIT_CONVERSION = YES;
				GCC_WARN_ABOUT_RETURN_TYPE = YES_ERROR;
				GCC_WARN_UNDECLARED_SELECTOR = YES;
				GCC_WARN_UNINITIALIZED_AUTOS = YES_AGGRESSIVE;
				GCC_WARN_UNUSED_FUNCTION = YES;
				GCC_WARN_UNUSED_VARIABLE = YES;
				IPHONEOS_DEPLOYMENT_TARGET = 13.5;
				MTL_ENABLE_DEBUG_INFO = INCLUDE_SOURCE;
				MTL_FAST_MATH = YES;
				ONLY_ACTIVE_ARCH = YES;
				SDKROOT = iphoneos;
				SWIFT_ACTIVE_COMPILATION_CONDITIONS = DEBUG;
				SWIFT_OPTIMIZATION_LEVEL = "-Onone";
			};
			name = Debug;
		};
		BBD37F2525056635008928EE /* Release */ = {
			isa = XCBuildConfiguration;
			buildSettings = {
				ALWAYS_SEARCH_USER_PATHS = NO;
				CLANG_ANALYZER_NONNULL = YES;
				CLANG_ANALYZER_NUMBER_OBJECT_CONVERSION = YES_AGGRESSIVE;
				CLANG_CXX_LANGUAGE_STANDARD = "gnu++14";
				CLANG_CXX_LIBRARY = "libc++";
				CLANG_ENABLE_MODULES = YES;
				CLANG_ENABLE_OBJC_ARC = YES;
				CLANG_ENABLE_OBJC_WEAK = YES;
				CLANG_WARN_BLOCK_CAPTURE_AUTORELEASING = YES;
				CLANG_WARN_BOOL_CONVERSION = YES;
				CLANG_WARN_COMMA = YES;
				CLANG_WARN_CONSTANT_CONVERSION = YES;
				CLANG_WARN_DEPRECATED_OBJC_IMPLEMENTATIONS = YES;
				CLANG_WARN_DIRECT_OBJC_ISA_USAGE = YES_ERROR;
				CLANG_WARN_DOCUMENTATION_COMMENTS = YES;
				CLANG_WARN_EMPTY_BODY = YES;
				CLANG_WARN_ENUM_CONVERSION = YES;
				CLANG_WARN_INFINITE_RECURSION = YES;
				CLANG_WARN_INT_CONVERSION = YES;
				CLANG_WARN_NON_LITERAL_NULL_CONVERSION = YES;
				CLANG_WARN_OBJC_IMPLICIT_RETAIN_SELF = YES;
				CLANG_WARN_OBJC_LITERAL_CONVERSION = YES;
				CLANG_WARN_OBJC_ROOT_CLASS = YES_ERROR;
				CLANG_WARN_RANGE_LOOP_ANALYSIS = YES;
				CLANG_WARN_STRICT_PROTOTYPES = YES;
				CLANG_WARN_SUSPICIOUS_MOVE = YES;
				CLANG_WARN_UNGUARDED_AVAILABILITY = YES_AGGRESSIVE;
				CLANG_WARN_UNREACHABLE_CODE = YES;
				CLANG_WARN__DUPLICATE_METHOD_MATCH = YES;
				COPY_PHASE_STRIP = NO;
				DEBUG_INFORMATION_FORMAT = "dwarf-with-dsym";
				ENABLE_NS_ASSERTIONS = NO;
				ENABLE_STRICT_OBJC_MSGSEND = YES;
				GCC_C_LANGUAGE_STANDARD = gnu11;
				GCC_NO_COMMON_BLOCKS = YES;
				GCC_WARN_64_TO_32_BIT_CONVERSION = YES;
				GCC_WARN_ABOUT_RETURN_TYPE = YES_ERROR;
				GCC_WARN_UNDECLARED_SELECTOR = YES;
				GCC_WARN_UNINITIALIZED_AUTOS = YES_AGGRESSIVE;
				GCC_WARN_UNUSED_FUNCTION = YES;
				GCC_WARN_UNUSED_VARIABLE = YES;
				IPHONEOS_DEPLOYMENT_TARGET = 13.5;
				MTL_ENABLE_DEBUG_INFO = NO;
				MTL_FAST_MATH = YES;
				SDKROOT = iphoneos;
				SWIFT_COMPILATION_MODE = wholemodule;
				SWIFT_OPTIMIZATION_LEVEL = "-O";
				VALIDATE_PRODUCT = YES;
			};
			name = Release;
		};
		BBD37F2725056635008928EE /* Debug */ = {
			isa = XCBuildConfiguration;
			buildSettings = {
				ASSETCATALOG_COMPILER_APPICON_NAME = AppIcon;
				CODE_SIGN_STYLE = Automatic;
				DEVELOPMENT_TEAM = Y6WP2ZJ593;
				INFOPLIST_FILE = TestProj/Info.plist;
				LD_RUNPATH_SEARCH_PATHS = (
					"$(inherited)",
					"@executable_path/Frameworks",
				);
				PRODUCT_BUNDLE_IDENTIFIER = com.mughees.TestProj;
				PRODUCT_NAME = "$(TARGET_NAME)";
				SWIFT_VERSION = 5.0;
				TARGETED_DEVICE_FAMILY = "1,2";
			};
			name = Debug;
		};
		BBD37F2825056635008928EE /* Release */ = {
			isa = XCBuildConfiguration;
			buildSettings = {
				ASSETCATALOG_COMPILER_APPICON_NAME = AppIcon;
				CODE_SIGN_STYLE = Automatic;
				DEVELOPMENT_TEAM = Y6WP2ZJ593;
				INFOPLIST_FILE = TestProj/Info.plist;
				LD_RUNPATH_SEARCH_PATHS = (
					"$(inherited)",
					"@executable_path/Frameworks",
				);
				PRODUCT_BUNDLE_IDENTIFIER = com.mughees.TestProj;
				PRODUCT_NAME = "$(TARGET_NAME)";
				SWIFT_VERSION = 5.0;
				TARGETED_DEVICE_FAMILY = "1,2";
			};
			name = Release;
		};
		BBD37F2A25056635008928EE /* Debug */ = {
			isa = XCBuildConfiguration;
			buildSettings = {
				ALWAYS_EMBED_SWIFT_STANDARD_LIBRARIES = YES;
				BUNDLE_LOADER = "$(TEST_HOST)";
				CODE_SIGN_STYLE = Automatic;
				DEVELOPMENT_TEAM = Y6WP2ZJ593;
				INFOPLIST_FILE = TestProjTests/Info.plist;
				IPHONEOS_DEPLOYMENT_TARGET = 13.5;
				LD_RUNPATH_SEARCH_PATHS = (
					"$(inherited)",
					"@executable_path/Frameworks",
					"@loader_path/Frameworks",
				);
				PRODUCT_BUNDLE_IDENTIFIER = com.mughees.TestProjTests;
				PRODUCT_NAME = "$(TARGET_NAME)";
				SWIFT_VERSION = 5.0;
				TARGETED_DEVICE_FAMILY = "1,2";
				TEST_HOST = "$(BUILT_PRODUCTS_DIR)/TestProj.app/TestProj";
			};
			name = Debug;
		};
		BBD37F2B25056635008928EE /* Release */ = {
			isa = XCBuildConfiguration;
			buildSettings = {
				ALWAYS_EMBED_SWIFT_STANDARD_LIBRARIES = YES;
				BUNDLE_LOADER = "$(TEST_HOST)";
				CODE_SIGN_STYLE = Automatic;
				DEVELOPMENT_TEAM = Y6WP2ZJ593;
				INFOPLIST_FILE = TestProjTests/Info.plist;
				IPHONEOS_DEPLOYMENT_TARGET = 13.5;
				LD_RUNPATH_SEARCH_PATHS = (
					"$(inherited)",
					"@executable_path/Frameworks",
					"@loader_path/Frameworks",
				);
				PRODUCT_BUNDLE_IDENTIFIER = com.mughees.TestProjTests;
				PRODUCT_NAME = "$(TARGET_NAME)";
				SWIFT_VERSION = 5.0;
				TARGETED_DEVICE_FAMILY = "1,2";
				TEST_HOST = "$(BUILT_PRODUCTS_DIR)/TestProj.app/TestProj";
			};
			name = Release;
		};
		BBD37F2D25056635008928EE /* Debug */ = {
			isa = XCBuildConfiguration;
			buildSettings = {
				ALWAYS_EMBED_SWIFT_STANDARD_LIBRARIES = YES;
				CODE_SIGN_STYLE = Automatic;
				DEVELOPMENT_TEAM = Y6WP2ZJ593;
				INFOPLIST_FILE = TestProjUITests/Info.plist;
				LD_RUNPATH_SEARCH_PATHS = (
					"$(inherited)",
					"@executable_path/Frameworks",
					"@loader_path/Frameworks",
				);
				PRODUCT_BUNDLE_IDENTIFIER = com.mughees.TestProjUITests;
				PRODUCT_NAME = "$(TARGET_NAME)";
				SWIFT_VERSION = 5.0;
				TARGETED_DEVICE_FAMILY = "1,2";
				TEST_TARGET_NAME = TestProj;
			};
			name = Debug;
		};
		BBD37F2E25056635008928EE /* Release */ = {
			isa = XCBuildConfiguration;
			buildSettings = {
				ALWAYS_EMBED_SWIFT_STANDARD_LIBRARIES = YES;
				CODE_SIGN_STYLE = Automatic;
				DEVELOPMENT_TEAM = Y6WP2ZJ593;
				INFOPLIST_FILE = TestProjUITests/Info.plist;
				LD_RUNPATH_SEARCH_PATHS = (
					"$(inherited)",
					"@executable_path/Frameworks",
					"@loader_path/Frameworks",
				);
				PRODUCT_BUNDLE_IDENTIFIER = com.mughees.TestProjUITests;
				PRODUCT_NAME = "$(TARGET_NAME)";
				SWIFT_VERSION = 5.0;
				TARGETED_DEVICE_FAMILY = "1,2";
				TEST_TARGET_NAME = TestProj;
			};
			name = Release;
		};
/* End XCBuildConfiguration section */

/* Begin XCConfigurationList section */
		BBD37EF725056634008928EE /* Build configuration list for PBXProject "TestProj" */ = {
			isa = XCConfigurationList;
			buildConfigurations = (
				BBD37F2425056635008928EE /* Debug */,
				BBD37F2525056635008928EE /* Release */,
			);
			defaultConfigurationIsVisible = 0;
			defaultConfigurationName = Release;
		};
		BBD37F2625056635008928EE /* Build configuration list for PBXNativeTarget "TestProj" */ = {
			isa = XCConfigurationList;
			buildConfigurations = (
				BBD37F2725056635008928EE /* Debug */,
				BBD37F2825056635008928EE /* Release */,
			);
			defaultConfigurationIsVisible = 0;
			defaultConfigurationName = Release;
		};
		BBD37F2925056635008928EE /* Build configuration list for PBXNativeTarget "TestProjTests" */ = {
			isa = XCConfigurationList;
			buildConfigurations = (
				BBD37F2A25056635008928EE /* Debug */,
				BBD37F2B25056635008928EE /* Release */,
			);
			defaultConfigurationIsVisible = 0;
			defaultConfigurationName = Release;
		};
		BBD37F2C25056635008928EE /* Build configuration list for PBXNativeTarget "TestProjUITests" */ = {
			isa = XCConfigurationList;
			buildConfigurations = (
				BBD37F2D25056635008928EE /* Debug */,
				BBD37F2E25056635008928EE /* Release */,
			);
			defaultConfigurationIsVisible = 0;
			defaultConfigurationName = Release;
		};
/* End XCConfigurationList section */
	};
	rootObject = BBD37EF425056634008928EE /* Project object */;
}
